// !$*UTF8*$!
{
	archiveVersion = 1;
	classes = {
	};
	objectVersion = 46;
	objects = {

/* Begin PBXBuildFile section */
		C13E6BC113ABB6AE00365340 /* UIKit.framework in Frameworks */ = {isa = PBXBuildFile; fileRef = C13E6BC013ABB6AE00365340 /* UIKit.framework */; };
		C13E6BC313ABB6AE00365340 /* Foundation.framework in Frameworks */ = {isa = PBXBuildFile; fileRef = C13E6BC213ABB6AE00365340 /* Foundation.framework */; };
		C13E6BC513ABB6AE00365340 /* CoreGraphics.framework in Frameworks */ = {isa = PBXBuildFile; fileRef = C13E6BC413ABB6AE00365340 /* CoreGraphics.framework */; };
		C13E6BCB13ABB6AF00365340 /* InfoPlist.strings in Resources */ = {isa = PBXBuildFile; fileRef = C13E6BC913ABB6AE00365340 /* InfoPlist.strings */; };
		C13E6BCE13ABB6AF00365340 /* main.m in Sources */ = {isa = PBXBuildFile; fileRef = C13E6BCD13ABB6AF00365340 /* main.m */; };
		C13E6BD113ABB6AF00365340 /* PHRemoteAppDelegate.mm in Sources */ = {isa = PBXBuildFile; fileRef = C13E6BD013ABB6AF00365340 /* PHRemoteAppDelegate.mm */; };
		C13E6BD413ABB6AF00365340 /* MainWindow.xib in Resources */ = {isa = PBXBuildFile; fileRef = C13E6BD213ABB6AF00365340 /* MainWindow.xib */; };
		C13E6BD713ABB6AF00365340 /* MainViewController.mm in Sources */ = {isa = PBXBuildFile; fileRef = C13E6BD613ABB6AF00365340 /* MainViewController.mm */; };
		C13E6BD913ABB6AF00365340 /* MainView.xib in Resources */ = {isa = PBXBuildFile; fileRef = C13E6BD813ABB6AF00365340 /* MainView.xib */; };
		C13E6BDC13ABB6AF00365340 /* FlipsideViewController.mm in Sources */ = {isa = PBXBuildFile; fileRef = C13E6BDB13ABB6AF00365340 /* FlipsideViewController.mm */; };
		C13E6BDE13ABB6AF00365340 /* FlipsideView.xib in Resources */ = {isa = PBXBuildFile; fileRef = C13E6BDD13ABB6AF00365340 /* FlipsideView.xib */; };
		C13E6BF113ABF1B000365340 /* URClient.cpp in Sources */ = {isa = PBXBuildFile; fileRef = C13E6BEE13ABF1B000365340 /* URClient.cpp */; };
		C13E6BF213ABF1B000365340 /* URCommon.cpp in Sources */ = {isa = PBXBuildFile; fileRef = C13E6BEF13ABF1B000365340 /* URCommon.cpp */; };
		C13E6BF313ABF1B000365340 /* URField.cpp in Sources */ = {isa = PBXBuildFile; fileRef = C13E6BF013ABF1B000365340 /* URField.cpp */; };
		C13E6BFA13AC1CC200365340 /* CaptureView.mm in Sources */ = {isa = PBXBuildFile; fileRef = C13E6BF913AC1CC200365340 /* CaptureView.mm */; };
/* End PBXBuildFile section */

/* Begin PBXFileReference section */
		C13E6BBC13ABB6AE00365340 /* PHRemote.app */ = {isa = PBXFileReference; explicitFileType = wrapper.application; includeInIndex = 0; path = PHRemote.app; sourceTree = BUILT_PRODUCTS_DIR; };
		C13E6BC013ABB6AE00365340 /* UIKit.framework */ = {isa = PBXFileReference; lastKnownFileType = wrapper.framework; name = UIKit.framework; path = System/Library/Frameworks/UIKit.framework; sourceTree = SDKROOT; };
		C13E6BC213ABB6AE00365340 /* Foundation.framework */ = {isa = PBXFileReference; lastKnownFileType = wrapper.framework; name = Foundation.framework; path = System/Library/Frameworks/Foundation.framework; sourceTree = SDKROOT; };
		C13E6BC413ABB6AE00365340 /* CoreGraphics.framework */ = {isa = PBXFileReference; lastKnownFileType = wrapper.framework; name = CoreGraphics.framework; path = System/Library/Frameworks/CoreGraphics.framework; sourceTree = SDKROOT; };
		C13E6BC813ABB6AE00365340 /* PHRemote-Info.plist */ = {isa = PBXFileReference; lastKnownFileType = text.plist.xml; path = "PHRemote-Info.plist"; sourceTree = "<group>"; };
		C13E6BCA13ABB6AE00365340 /* en */ = {isa = PBXFileReference; lastKnownFileType = text.plist.strings; name = en; path = en.lproj/InfoPlist.strings; sourceTree = "<group>"; };
		C13E6BCC13ABB6AF00365340 /* PHRemote-Prefix.pch */ = {isa = PBXFileReference; lastKnownFileType = sourcecode.c.h; path = "PHRemote-Prefix.pch"; sourceTree = "<group>"; };
		C13E6BCD13ABB6AF00365340 /* main.m */ = {isa = PBXFileReference; lastKnownFileType = sourcecode.c.objc; path = main.m; sourceTree = "<group>"; };
		C13E6BCF13ABB6AF00365340 /* PHRemoteAppDelegate.h */ = {isa = PBXFileReference; lastKnownFileType = sourcecode.c.h; path = PHRemoteAppDelegate.h; sourceTree = "<group>"; };
		C13E6BD013ABB6AF00365340 /* PHRemoteAppDelegate.mm */ = {isa = PBXFileReference; lastKnownFileType = sourcecode.cpp.objcpp; path = PHRemoteAppDelegate.mm; sourceTree = "<group>"; };
		C13E6BD313ABB6AF00365340 /* en */ = {isa = PBXFileReference; lastKnownFileType = file.xib; name = en; path = en.lproj/MainWindow.xib; sourceTree = "<group>"; };
		C13E6BD513ABB6AF00365340 /* MainViewController.h */ = {isa = PBXFileReference; lastKnownFileType = sourcecode.c.h; path = MainViewController.h; sourceTree = "<group>"; };
		C13E6BD613ABB6AF00365340 /* MainViewController.mm */ = {isa = PBXFileReference; lastKnownFileType = sourcecode.cpp.objcpp; path = MainViewController.mm; sourceTree = "<group>"; };
		C13E6BD813ABB6AF00365340 /* MainView.xib */ = {isa = PBXFileReference; lastKnownFileType = file.xib; path = MainView.xib; sourceTree = "<group>"; };
		C13E6BDA13ABB6AF00365340 /* FlipsideViewController.h */ = {isa = PBXFileReference; lastKnownFileType = sourcecode.c.h; path = FlipsideViewController.h; sourceTree = "<group>"; };
		C13E6BDB13ABB6AF00365340 /* FlipsideViewController.mm */ = {isa = PBXFileReference; lastKnownFileType = sourcecode.cpp.objcpp; path = FlipsideViewController.mm; sourceTree = "<group>"; };
		C13E6BDD13ABB6AF00365340 /* FlipsideView.xib */ = {isa = PBXFileReference; lastKnownFileType = file.xib; path = FlipsideView.xib; sourceTree = "<group>"; };
		C13E6BEE13ABF1B000365340 /* URClient.cpp */ = {isa = PBXFileReference; fileEncoding = 4; lastKnownFileType = sourcecode.cpp.cpp; name = URClient.cpp; path = ../uremote/src/URClient.cpp; sourceTree = "<group>"; };
		C13E6BEF13ABF1B000365340 /* URCommon.cpp */ = {isa = PBXFileReference; fileEncoding = 4; lastKnownFileType = sourcecode.cpp.cpp; name = URCommon.cpp; path = ../uremote/src/URCommon.cpp; sourceTree = "<group>"; };
		C13E6BF013ABF1B000365340 /* URField.cpp */ = {isa = PBXFileReference; fileEncoding = 4; lastKnownFileType = sourcecode.cpp.cpp; name = URField.cpp; path = ../uremote/src/URField.cpp; sourceTree = "<group>"; };
		C13E6BF413ABF1F300365340 /* URClient.h */ = {isa = PBXFileReference; fileEncoding = 4; lastKnownFileType = sourcecode.c.h; name = URClient.h; path = ../uremote/include/URClient.h; sourceTree = "<group>"; };
		C13E6BF513ABF1F300365340 /* URCommon.h */ = {isa = PBXFileReference; fileEncoding = 4; lastKnownFileType = sourcecode.c.h; name = URCommon.h; path = ../uremote/include/URCommon.h; sourceTree = "<group>"; };
		C13E6BF613ABF1F300365340 /* URCommonPrivate.h */ = {isa = PBXFileReference; fileEncoding = 4; lastKnownFileType = sourcecode.c.h; name = URCommonPrivate.h; path = ../uremote/include/URCommonPrivate.h; sourceTree = "<group>"; };
		C13E6BF713ABF1F300365340 /* URField.h */ = {isa = PBXFileReference; fileEncoding = 4; lastKnownFileType = sourcecode.c.h; name = URField.h; path = ../uremote/include/URField.h; sourceTree = "<group>"; };
		C13E6BF813AC1CC100365340 /* CaptureView.h */ = {isa = PBXFileReference; fileEncoding = 4; lastKnownFileType = sourcecode.c.h; path = CaptureView.h; sourceTree = "<group>"; };
		C13E6BF913AC1CC200365340 /* CaptureView.mm */ = {isa = PBXFileReference; fileEncoding = 4; lastKnownFileType = sourcecode.cpp.objcpp; path = CaptureView.mm; sourceTree = "<group>"; };
/* End PBXFileReference section */

/* Begin PBXFrameworksBuildPhase section */
		C13E6BB913ABB6AE00365340 /* Frameworks */ = {
			isa = PBXFrameworksBuildPhase;
			buildActionMask = 2147483647;
			files = (
				C13E6BC113ABB6AE00365340 /* UIKit.framework in Frameworks */,
				C13E6BC313ABB6AE00365340 /* Foundation.framework in Frameworks */,
				C13E6BC513ABB6AE00365340 /* CoreGraphics.framework in Frameworks */,
			);
			runOnlyForDeploymentPostprocessing = 0;
		};
/* End PBXFrameworksBuildPhase section */

/* Begin PBXGroup section */
		C13E6BB113ABB6AE00365340 = {
			isa = PBXGroup;
			children = (
				C13E6BED13ABF19A00365340 /* uremote */,
				C13E6BC613ABB6AE00365340 /* PHRemote */,
				C13E6BBF13ABB6AE00365340 /* Frameworks */,
				C13E6BBD13ABB6AE00365340 /* Products */,
			);
			sourceTree = "<group>";
		};
		C13E6BBD13ABB6AE00365340 /* Products */ = {
			isa = PBXGroup;
			children = (
				C13E6BBC13ABB6AE00365340 /* PHRemote.app */,
			);
			name = Products;
			sourceTree = "<group>";
		};
		C13E6BBF13ABB6AE00365340 /* Frameworks */ = {
			isa = PBXGroup;
			children = (
				C13E6BC013ABB6AE00365340 /* UIKit.framework */,
				C13E6BC213ABB6AE00365340 /* Foundation.framework */,
				C13E6BC413ABB6AE00365340 /* CoreGraphics.framework */,
			);
			name = Frameworks;
			sourceTree = "<group>";
		};
		C13E6BC613ABB6AE00365340 /* PHRemote */ = {
			isa = PBXGroup;
			children = (
				C13E6BCF13ABB6AF00365340 /* PHRemoteAppDelegate.h */,
				C13E6BD013ABB6AF00365340 /* PHRemoteAppDelegate.mm */,
				C13E6BD213ABB6AF00365340 /* MainWindow.xib */,
				C13E6BD513ABB6AF00365340 /* MainViewController.h */,
				C13E6BD613ABB6AF00365340 /* MainViewController.mm */,
				C13E6BD813ABB6AF00365340 /* MainView.xib */,
				C13E6BDA13ABB6AF00365340 /* FlipsideViewController.h */,
				C13E6BDB13ABB6AF00365340 /* FlipsideViewController.mm */,
				C13E6BDD13ABB6AF00365340 /* FlipsideView.xib */,
				C13E6BF813AC1CC100365340 /* CaptureView.h */,
				C13E6BF913AC1CC200365340 /* CaptureView.mm */,
				C13E6BC713ABB6AE00365340 /* Supporting Files */,
			);
			path = PHRemote;
			sourceTree = "<group>";
		};
		C13E6BC713ABB6AE00365340 /* Supporting Files */ = {
			isa = PBXGroup;
			children = (
				C13E6BC813ABB6AE00365340 /* PHRemote-Info.plist */,
				C13E6BC913ABB6AE00365340 /* InfoPlist.strings */,
				C13E6BCC13ABB6AF00365340 /* PHRemote-Prefix.pch */,
				C13E6BCD13ABB6AF00365340 /* main.m */,
			);
			name = "Supporting Files";
			sourceTree = "<group>";
		};
		C13E6BED13ABF19A00365340 /* uremote */ = {
			isa = PBXGroup;
			children = (
				C13E6BF413ABF1F300365340 /* URClient.h */,
				C13E6BF513ABF1F300365340 /* URCommon.h */,
				C13E6BF613ABF1F300365340 /* URCommonPrivate.h */,
				C13E6BF713ABF1F300365340 /* URField.h */,
				C13E6BEE13ABF1B000365340 /* URClient.cpp */,
				C13E6BEF13ABF1B000365340 /* URCommon.cpp */,
				C13E6BF013ABF1B000365340 /* URField.cpp */,
			);
			name = uremote;
			sourceTree = "<group>";
		};
/* End PBXGroup section */

/* Begin PBXNativeTarget section */
		C13E6BBB13ABB6AE00365340 /* PHRemote */ = {
			isa = PBXNativeTarget;
			buildConfigurationList = C13E6BE113ABB6AF00365340 /* Build configuration list for PBXNativeTarget "PHRemote" */;
			buildPhases = (
				C13E6BB813ABB6AE00365340 /* Sources */,
				C13E6BB913ABB6AE00365340 /* Frameworks */,
				C13E6BBA13ABB6AE00365340 /* Resources */,
			);
			buildRules = (
			);
			dependencies = (
			);
			name = PHRemote;
			productName = PHRemote;
			productReference = C13E6BBC13ABB6AE00365340 /* PHRemote.app */;
			productType = "com.apple.product-type.application";
		};
/* End PBXNativeTarget section */

/* Begin PBXProject section */
		C13E6BB313ABB6AE00365340 /* Project object */ = {
			isa = PBXProject;
			attributes = {
				ORGANIZATIONNAME = Home;
			};
			buildConfigurationList = C13E6BB613ABB6AE00365340 /* Build configuration list for PBXProject "PHRemote" */;
			compatibilityVersion = "Xcode 3.2";
			developmentRegion = English;
			hasScannedForEncodings = 0;
			knownRegions = (
				en,
			);
			mainGroup = C13E6BB113ABB6AE00365340;
			productRefGroup = C13E6BBD13ABB6AE00365340 /* Products */;
			projectDirPath = "";
			projectRoot = "";
			targets = (
				C13E6BBB13ABB6AE00365340 /* PHRemote */,
			);
		};
/* End PBXProject section */

/* Begin PBXResourcesBuildPhase section */
		C13E6BBA13ABB6AE00365340 /* Resources */ = {
			isa = PBXResourcesBuildPhase;
			buildActionMask = 2147483647;
			files = (
				C13E6BCB13ABB6AF00365340 /* InfoPlist.strings in Resources */,
				C13E6BD413ABB6AF00365340 /* MainWindow.xib in Resources */,
				C13E6BD913ABB6AF00365340 /* MainView.xib in Resources */,
				C13E6BDE13ABB6AF00365340 /* FlipsideView.xib in Resources */,
			);
			runOnlyForDeploymentPostprocessing = 0;
		};
/* End PBXResourcesBuildPhase section */

/* Begin PBXSourcesBuildPhase section */
		C13E6BB813ABB6AE00365340 /* Sources */ = {
			isa = PBXSourcesBuildPhase;
			buildActionMask = 2147483647;
			files = (
				C13E6BCE13ABB6AF00365340 /* main.m in Sources */,
				C13E6BD113ABB6AF00365340 /* PHRemoteAppDelegate.mm in Sources */,
				C13E6BD713ABB6AF00365340 /* MainViewController.mm in Sources */,
				C13E6BDC13ABB6AF00365340 /* FlipsideViewController.mm in Sources */,
				C13E6BF113ABF1B000365340 /* URClient.cpp in Sources */,
				C13E6BF213ABF1B000365340 /* URCommon.cpp in Sources */,
				C13E6BF313ABF1B000365340 /* URField.cpp in Sources */,
				C13E6BFA13AC1CC200365340 /* CaptureView.mm in Sources */,
			);
			runOnlyForDeploymentPostprocessing = 0;
		};
/* End PBXSourcesBuildPhase section */

/* Begin PBXVariantGroup section */
		C13E6BC913ABB6AE00365340 /* InfoPlist.strings */ = {
			isa = PBXVariantGroup;
			children = (
				C13E6BCA13ABB6AE00365340 /* en */,
			);
			name = InfoPlist.strings;
			sourceTree = "<group>";
		};
		C13E6BD213ABB6AF00365340 /* MainWindow.xib */ = {
			isa = PBXVariantGroup;
			children = (
				C13E6BD313ABB6AF00365340 /* en */,
			);
			name = MainWindow.xib;
			sourceTree = "<group>";
		};
/* End PBXVariantGroup section */

/* Begin XCBuildConfiguration section */
		C13E6BDF13ABB6AF00365340 /* Debug */ = {
			isa = XCBuildConfiguration;
			buildSettings = {
				ARCHS = "$(ARCHS_STANDARD_32_BIT)";
				"CODE_SIGN_IDENTITY[sdk=iphoneos*]" = "iPhone Developer";
				GCC_C_LANGUAGE_STANDARD = gnu99;
				GCC_OPTIMIZATION_LEVEL = 0;
				GCC_PREPROCESSOR_DEFINITIONS = DEBUG;
				GCC_SYMBOLS_PRIVATE_EXTERN = NO;
				GCC_VERSION = com.apple.compilers.llvmgcc42;
				GCC_WARN_ABOUT_RETURN_TYPE = YES;
				GCC_WARN_UNUSED_VARIABLE = YES;
				IPHONEOS_DEPLOYMENT_TARGET = 4.3;
				SDKROOT = iphoneos;
			};
			name = Debug;
		};
		C13E6BE013ABB6AF00365340 /* Release */ = {
			isa = XCBuildConfiguration;
			buildSettings = {
				ARCHS = "$(ARCHS_STANDARD_32_BIT)";
				"CODE_SIGN_IDENTITY[sdk=iphoneos*]" = "iPhone Developer";
				GCC_C_LANGUAGE_STANDARD = gnu99;
				GCC_VERSION = com.apple.compilers.llvmgcc42;
				GCC_WARN_ABOUT_RETURN_TYPE = YES;
				GCC_WARN_UNUSED_VARIABLE = YES;
				IPHONEOS_DEPLOYMENT_TARGET = 4.3;
				OTHER_CFLAGS = "-DNS_BLOCK_ASSERTIONS=1";
				SDKROOT = iphoneos;
			};
			name = Release;
		};
		C13E6BE213ABB6AF00365340 /* Debug */ = {
			isa = XCBuildConfiguration;
			buildSettings = {
				ALWAYS_SEARCH_USER_PATHS = NO;
				COPY_PHASE_STRIP = NO;
				GCC_DYNAMIC_NO_PIC = NO;
				GCC_PRECOMPILE_PREFIX_HEADER = YES;
				GCC_PREFIX_HEADER = "PHRemote/PHRemote-Prefix.pch";
				INFOPLIST_FILE = "PHRemote/PHRemote-Info.plist";
				PRODUCT_NAME = "$(TARGET_NAME)";
				WRAPPER_EXTENSION = app;
			};
			name = Debug;
		};
		C13E6BE313ABB6AF00365340 /* Release */ = {
			isa = XCBuildConfiguration;
			buildSettings = {
				ALWAYS_SEARCH_USER_PATHS = NO;
				COPY_PHASE_STRIP = YES;
				GCC_PRECOMPILE_PREFIX_HEADER = YES;
				GCC_PREFIX_HEADER = "PHRemote/PHRemote-Prefix.pch";
				INFOPLIST_FILE = "PHRemote/PHRemote-Info.plist";
				PRODUCT_NAME = "$(TARGET_NAME)";
				VALIDATE_PRODUCT = YES;
				WRAPPER_EXTENSION = app;
			};
			name = Release;
		};
/* End XCBuildConfiguration section */

/* Begin XCConfigurationList section */
		C13E6BB613ABB6AE00365340 /* Build configuration list for PBXProject "PHRemote" */ = {
			isa = XCConfigurationList;
			buildConfigurations = (
				C13E6BDF13ABB6AF00365340 /* Debug */,
				C13E6BE013ABB6AF00365340 /* Release */,
			);
			defaultConfigurationIsVisible = 0;
			defaultConfigurationName = Release;
		};
		C13E6BE113ABB6AF00365340 /* Build configuration list for PBXNativeTarget "PHRemote" */ = {
			isa = XCConfigurationList;
			buildConfigurations = (
				C13E6BE213ABB6AF00365340 /* Debug */,
				C13E6BE313ABB6AF00365340 /* Release */,
			);
			defaultConfigurationIsVisible = 0;
			defaultConfigurationName = Release;
		};
/* End XCConfigurationList section */
	};
	rootObject = C13E6BB313ABB6AE00365340 /* Project object */;
}
